{
    "name": "hackathonTeamBuilder",
    "version": "0.0.1",
    "lockfileVersion": 1,
    "requires": true,
    "dependencies": {
        "@fluentui/date-time-utilities": {
            "version": "8.2.2",
            "resolved": "https://registry.npmjs.org/@fluentui/date-time-utilities/-/date-time-utilities-8.2.2.tgz",
            "integrity": "sha512-djHrX/38ty+F93qLQjzmRzPzK598CW9g/RPhQH6GyrFBLPSWM1swYKB5TP6E7FrIf+fT4pVqrNUSYZhgi2rrOQ==",
            "requires": {
                "@fluentui/set-version": "^8.1.4",
                "tslib": "^2.1.0"
            }
        },
        "@fluentui/dom-utilities": {
            "version": "2.1.4",
            "resolved": "https://registry.npmjs.org/@fluentui/dom-utilities/-/dom-utilities-2.1.4.tgz",
            "integrity": "sha512-+gsAnEjgoKB37o+tsMdSLtgqZ9z2PzpvnHx/2IqhRWjQQd7Xc7MbQsbZaQ5qfkioFHLnWGc/+WORpqKPy/sWrg==",
            "requires": {
                "@fluentui/set-version": "^8.1.4",
                "tslib": "^2.1.0"
            }
        },
        "@fluentui/font-icons-mdl2": {
            "version": "8.1.10",
            "resolved": "https://registry.npmjs.org/@fluentui/font-icons-mdl2/-/font-icons-mdl2-8.1.10.tgz",
            "integrity": "sha512-oxAErjUx8xqlk81lxClEqdpF05Fy+5tKndYKm27k7cRD0f6CKLjT5Hu5oWDLwcYqa1eScXZV1I5IVHKjChsBSA==",
            "requires": {
                "@fluentui/set-version": "^8.1.4",
                "@fluentui/style-utilities": "^8.3.1",
                "tslib": "^2.1.0"
            }
        },
        "@fluentui/foundation-legacy": {
            "version": "8.1.10",
            "resolved": "https://registry.npmjs.org/@fluentui/foundation-legacy/-/foundation-legacy-8.1.10.tgz",
            "integrity": "sha512-IhDS3OajyHHi+QmZlOhlXbVGFQ5TJNt2HFV6sy005jxw0xiBghG1niqjKjB09n3MfcmMdWNEkOFDpQuuyRWDjg==",
            "requires": {
                "@fluentui/merge-styles": "^8.1.5",
                "@fluentui/set-version": "^8.1.4",
                "@fluentui/style-utilities": "^8.3.1",
                "@fluentui/utilities": "^8.3.1",
                "tslib": "^2.1.0"
            }
        },
        "@fluentui/keyboard-key": {
            "version": "0.3.4",
            "resolved": "https://registry.npmjs.org/@fluentui/keyboard-key/-/keyboard-key-0.3.4.tgz",
            "integrity": "sha512-pVY2m3IC5+LLmMzsaPApX9eKTzpOzdgQwrR3FNTE6mGx3N/+QWYM7fdF+T1ldZQt87dCRSeQnmAo5kqjtxeA/w==",
            "requires": {
                "tslib": "^2.1.0"
            }
        },
        "@fluentui/merge-styles": {
            "version": "8.1.5",
            "resolved": "https://registry.npmjs.org/@fluentui/merge-styles/-/merge-styles-8.1.5.tgz",
            "integrity": "sha512-hmEb5LnOxCTpM/6oJQJI0w5AlYzwrceozPgsMdOF5BuT5MkXPlXLK3L2auzXGNYHkoGiouH61ImsS/TSM0mV/g==",
            "requires": {
                "@fluentui/set-version": "^8.1.4",
                "tslib": "^2.1.0"
            }
        },
        "@fluentui/react": {
            "version": "8.30.2",
            "resolved": "https://registry.npmjs.org/@fluentui/react/-/react-8.30.2.tgz",
            "integrity": "sha512-orTNn4FDVco1pISYKqXx0OHUQeG05iFmNBzmLlPmCjdVtlFrR9SLloUQ86Q0XRb2qRbPeJHwy+uU5I3HX24hnw==",
            "requires": {
                "@fluentui/date-time-utilities": "^8.2.2",
                "@fluentui/font-icons-mdl2": "^8.1.10",
                "@fluentui/foundation-legacy": "^8.1.10",
                "@fluentui/merge-styles": "^8.1.5",
                "@fluentui/react-focus": "^8.2.1",
                "@fluentui/react-hooks": "^8.3.1",
                "@fluentui/react-window-provider": "^2.1.4",
                "@fluentui/set-version": "^8.1.4",
                "@fluentui/style-utilities": "^8.3.1",
                "@fluentui/theme": "^2.3.1",
                "@fluentui/utilities": "^8.3.1",
                "@microsoft/load-themed-styles": "^1.10.26",
                "tslib": "^2.1.0"
            }
        },
        "@fluentui/react-focus": {
            "version": "8.2.1",
            "resolved": "https://registry.npmjs.org/@fluentui/react-focus/-/react-focus-8.2.1.tgz",
            "integrity": "sha512-kPGlyc8sj/1OjY/juaOG/CATc0GPsAkbFj8JNbPGPkcxdSkr1hVN4AQq34E8ddVe5d/t+Nevftl9kkYAAxfnoA==",
            "requires": {
                "@fluentui/keyboard-key": "^0.3.4",
                "@fluentui/merge-styles": "^8.1.5",
                "@fluentui/set-version": "^8.1.4",
                "@fluentui/style-utilities": "^8.3.1",
                "@fluentui/utilities": "^8.3.1",
                "tslib": "^2.1.0"
            }
        },
        "@fluentui/react-hooks": {
            "version": "8.3.1",
            "resolved": "https://registry.npmjs.org/@fluentui/react-hooks/-/react-hooks-8.3.1.tgz",
            "integrity": "sha512-fgkL4/4m8ds7dK6+o6qfk9Ok1ssbTV3dA7k1w5xZgw/FE4AWTt6zfLx9HhGpxF71l0X+R0DCWWb6W/LqE7+Ylg==",
            "requires": {
                "@fluentui/react-window-provider": "^2.1.4",
                "@fluentui/set-version": "^8.1.4",
                "@fluentui/utilities": "^8.3.1",
                "tslib": "^2.1.0"
            }
        },
        "@fluentui/react-window-provider": {
            "version": "2.1.4",
            "resolved": "https://registry.npmjs.org/@fluentui/react-window-provider/-/react-window-provider-2.1.4.tgz",
            "integrity": "sha512-RztmJ7ol2eMDr3NCs2OcAA1cQjZdPPUEa4aurgh4Aq+JM/BiY0aK6S4SeFtVD7F8Q7PBOz/xwOG4HlnSMQtlsg==",
            "requires": {
                "@fluentui/set-version": "^8.1.4",
                "tslib": "^2.1.0"
            }
        },
        "@fluentui/set-version": {
            "version": "8.1.4",
            "resolved": "https://registry.npmjs.org/@fluentui/set-version/-/set-version-8.1.4.tgz",
            "integrity": "sha512-2otMyJ+s+W+hjBD4BKjwYKKinJUDeIKYKz93qKrrJS0i3fKfftNroy9dHFlIblZ7n747L334plLi3bzQO1bnvA==",
            "requires": {
                "tslib": "^2.1.0"
            }
        },
        "@fluentui/style-utilities": {
            "version": "8.3.1",
            "resolved": "https://registry.npmjs.org/@fluentui/style-utilities/-/style-utilities-8.3.1.tgz",
            "integrity": "sha512-EEaol+tIgTwEI8iHQfJHA7w2xtl7B+ofkheyMIK/97ONVqD4onf42p5r34rmuBhgIo4pXQsEQDPb5b5ClSzDFw==",
            "requires": {
                "@fluentui/merge-styles": "^8.1.5",
                "@fluentui/set-version": "^8.1.4",
                "@fluentui/theme": "^2.3.1",
                "@fluentui/utilities": "^8.3.1",
                "@microsoft/load-themed-styles": "^1.10.26",
                "tslib": "^2.1.0"
            }
        },
        "@fluentui/theme": {
            "version": "2.3.1",
            "resolved": "https://registry.npmjs.org/@fluentui/theme/-/theme-2.3.1.tgz",
            "integrity": "sha512-S+AM8+Jg5/KMQYcxcN6LcZPA51pXVVapnkk1eMGKQYDdJ4KS4r50L2OkIPVfbFn3uiW8VZOesHMsvBTnvZfdng==",
            "requires": {
                "@fluentui/merge-styles": "^8.1.5",
                "@fluentui/set-version": "^8.1.4",
                "@fluentui/utilities": "^8.3.1",
                "tslib": "^2.1.0"
            }
        },
        "@fluentui/utilities": {
            "version": "8.3.1",
            "resolved": "https://registry.npmjs.org/@fluentui/utilities/-/utilities-8.3.1.tgz",
            "integrity": "sha512-V/6bokboB7J1di6XWnS2AuT1A2x0N8BvfCbdaTqvrmCarmViaY/3cawO8shV91d+ahiR2ZzN0CqOMkIDvjr4tA==",
            "requires": {
                "@fluentui/dom-utilities": "^2.1.4",
                "@fluentui/merge-styles": "^8.1.5",
                "@fluentui/set-version": "^8.1.4",
                "tslib": "^2.1.0"
            }
        },
        "@microsoft/load-themed-styles": {
            "version": "1.10.205",
            "resolved": "https://registry.npmjs.org/@microsoft/load-themed-styles/-/load-themed-styles-1.10.205.tgz",
            "integrity": "sha512-gM6tR4FmX3Df3q9MLO1uzQ0eY9iqH/vTsoBrUTSRsn0lcR1VU14/UM6NjcoFvmnboq5giwyvKv7UOrqgM8HZWw=="
        },
        "tslib": {
            "version": "2.3.1",
            "resolved": "https://registry.npmjs.org/tslib/-/tslib-2.3.1.tgz",
            "integrity": "sha512-77EbyPPpMz+FRFRuAFlWMtmgUWGe9UOG2Z25NqCwiIjRhOf5iKGuzSe5P2w1laq+FkRy4p+PCuVkJSGkzTEKVw=="
        }
    }
}
